# This file is automatically @generated by Cargo.
# It is not intended for manual editing.
[[package]]
name = "block-buffer"
version = "0.10.4"
source = "registry+https://github.com/rust-lang/crates.io-index"
dependencies = [
 "generic-array 0.14.7 (registry+https://github.com/rust-lang/crates.io-index)",
]

[[package]]
name = "cfg-if"
version = "1.0.4"
source = "registry+https://github.com/rust-lang/crates.io-index"

[[package]]
name = "cpufeatures"
version = "0.2.17"
source = "registry+https://github.com/rust-lang/crates.io-index"
dependencies = [
 "libc 0.2.163 (registry+https://github.com/rust-lang/crates.io-index)",
]

[[package]]
name = "crypto-common"
version = "0.1.7"
source = "registry+https://github.com/rust-lang/crates.io-index"
dependencies = [
 "generic-array 0.14.7 (registry+https://github.com/rust-lang/crates.io-index)",
 "typenum 1.19.0 (registry+https://github.com/rust-lang/crates.io-index)",
]

[[package]]
name = "digest"
version = "0.10.7"
source = "registry+https://github.com/rust-lang/crates.io-index"
dependencies = [
 "block-buffer 0.10.4 (registry+https://github.com/rust-lang/crates.io-index)",
 "crypto-common 0.1.7 (registry+https://github.com/rust-lang/crates.io-index)",
]

[[package]]
name = "filebuffer"
version = "1.0.0"
dependencies = [
 "hex 0.4.3 (registry+https://github.com/rust-lang/crates.io-index)",
 "libc 0.2.163 (registry+https://github.com/rust-lang/crates.io-index)",
 "sha2 0.10.9 (registry+https://github.com/rust-lang/crates.io-index)",
 "winapi 0.3.9 (registry+https://github.com/rust-lang/crates.io-index)",
]

[[package]]
name = "generic-array"
version = "0.14.7"
source = "registry+https://github.com/rust-lang/crates.io-index"
dependencies = [
 "typenum 1.19.0 (registry+https://github.com/rust-lang/crates.io-index)",
 "version_check 0.9.5 (registry+https://github.com/rust-lang/crates.io-index)",
]

[[package]]
name = "hex"
version = "0.4.3"
source = "registry+https://github.com/rust-lang/crates.io-index"

[[package]]
name = "libc"
version = "0.2.163"
source = "registry+https://github.com/rust-lang/crates.io-index"

[[package]]
name = "sha2"
version = "0.10.9"
source = "registry+https://github.com/rust-lang/crates.io-index"
dependencies = [
 "cfg-if 1.0.4 (registry+https://github.com/rust-lang/crates.io-index)",
 "cpufeatures 0.2.17 (registry+https://github.com/rust-lang/crates.io-index)",
 "digest 0.10.7 (registry+https://github.com/rust-lang/crates.io-index)",
]

[[package]]
name = "typenum"
version = "1.19.0"
source = "registry+https://github.com/rust-lang/crates.io-index"

[[package]]
name = "version_check"
version = "0.9.5"
source = "registry+https://github.com/rust-lang/crates.io-index"

[[package]]
name = "winapi"
version = "0.3.9"
source = "registry+https://github.com/rust-lang/crates.io-index"
dependencies = [
 "winapi-i686-pc-windows-gnu 0.4.0 (registry+https://github.com/rust-lang/crates.io-index)",
 "winapi-x86_64-pc-windows-gnu 0.4.0 (registry+https://github.com/rust-lang/crates.io-index)",
]

[[package]]
name = "winapi-i686-pc-windows-gnu"
version = "0.4.0"
source = "registry+https://github.com/rust-lang/crates.io-index"

[[package]]
name = "winapi-x86_64-pc-windows-gnu"
version = "0.4.0"
source = "registry+https://github.com/rust-lang/crates.io-index"

[metadata]
"checksum block-buffer 0.10.4 (registry+https://github.com/rust-lang/crates.io-index)" = "3078c7629b62d3f0439517fa394996acacc5cbc91c5a20d8c658e77abd503a71"
"checksum cfg-if 1.0.4 (registry+https://github.com/rust-lang/crates.io-index)" = "9330f8b2ff13f34540b44e946ef35111825727b38d33286ef986142615121801"
"checksum cpufeatures 0.2.17 (registry+https://github.com/rust-lang/crates.io-index)" = "59ed5838eebb26a2bb2e58f6d5b5316989ae9d08bab10e0e6d103e656d1b0280"
"checksum crypto-common 0.1.7 (registry+https://github.com/rust-lang/crates.io-index)" = "78c8292055d1c1df0cce5d180393dc8cce0abec0a7102adb6c7b1eef6016d60a"
"checksum digest 0.10.7 (registry+https://github.com/rust-lang/crates.io-index)" = "9ed9a281f7bc9b7576e61468ba615a66a5c8cfdff42420a70aa82701a3b1e292"
"checksum generic-array 0.14.7 (registry+https://github.com/rust-lang/crates.io-index)" = "85649ca51fd72272d7821adaf274ad91c288277713d9c18820d8499a7ff69e9a"
"checksum hex 0.4.3 (registry+https://github.com/rust-lang/crates.io-index)" = "7f24254aa9a54b5c858eaee2f5bccdb46aaf0e486a595ed5fd8f86ba55232a70"
"checksum libc 0.2.163 (registry+https://github.com/rust-lang/crates.io-index)" = "1fdaeca4cf44ed4ac623e86ef41f056e848dbeab7ec043ecb7326ba300b36fd0"
"checksum sha2 0.10.9 (registry+https://github.com/rust-lang/crates.io-index)" = "a7507d819769d01a365ab707794a4084392c824f54a7a6a7862f8c3d0892b283"
"checksum typenum 1.19.0 (registry+https://github.com/rust-lang/crates.io-index)" = "562d481066bde0658276a35467c4af00bdc6ee726305698a55b86e61d7ad82bb"
"checksum version_check 0.9.5 (registry+https://github.com/rust-lang/crates.io-index)" = "0b928f33d975fc6ad9f86c8f283853ad26bdd5b10b7f1542aa2fa15e2289105a"
"checksum winapi 0.3.9 (registry+https://github.com/rust-lang/crates.io-index)" = "5c839a674fcd7a98952e593242ea400abe93992746761e38641405d28b00f419"
"checksum winapi-i686-pc-windows-gnu 0.4.0 (registry+https://github.com/rust-lang/crates.io-index)" = "ac3b87c63620426dd9b991e5ce0329eff545bccbbb34f3be09ff6fb6ab51b7b6"
"checksum winapi-x86_64-pc-windows-gnu 0.4.0 (registry+https://github.com/rust-lang/crates.io-index)" = "712e227841d057c1ee1cd2fb22fa7e5a5461ae8e48fa2ca79ec42cfc1931183f"
